
Microsoft Visual Studio Solution File, Format Version 12.00
# Visual Studio Version 17
VisualStudioVersion = 17.0.31903.59
MinimumVisualStudioVersion = 10.0.40219.1
Project("{2150E333-8FDC-42A3-9474-1A3956D46DE8}") = "src", "src", "{7059C2C5-750D-4BBD-B829-828C63AA7987}"
EndProject
Project("{FAE04EC0-301F-11D3-BF4B-00C04F79EFBC}") = "TaskTracker.Api", "src\TaskTracker.Api\TaskTracker.Api.csproj", "{E7B1664F-B58B-4405-846A-2D65C7919BDF}"
EndProject
Project("{FAE04EC0-301F-11D3-BF4B-00C04F79EFBC}") = "TaskTracker.Console", "src\TaskTracker.Console\TaskTracker.Console.csproj", "{F72E5648-A4EF-4C27-887C-7E3A26C58B17}"
EndProject
Project("{FAE04EC0-301F-11D3-BF4B-00C04F79EFBC}") = "TaskTracker.Application", "src\TaskTracker.Application\TaskTracker.Application.csproj", "{141423DA-27B4-47D5-B54E-8440DB41B4CF}"
EndProject
Project("{FAE04EC0-301F-11D3-BF4B-00C04F79EFBC}") = "TaskTracker.Domain", "src\TaskTracker.Domain\TaskTracker.Domain.csproj", "{4047FB3B-5891-4B67-88E5-FDA67ECF6F4A}"
EndProject
Project("{FAE04EC0-301F-11D3-BF4B-00C04F79EFBC}") = "TaskTracker.Infra", "src\TaskTracker.Infra\TaskTracker.Infra.csproj", "{40DFC082-94B0-4D44-89E3-1CCA13D1B3E0}"
EndProject
Global
	GlobalSection(SolutionConfigurationPlatforms) = preSolution
		Debug|Any CPU = Debug|Any CPU
		Release|Any CPU = Release|Any CPU
	EndGlobalSection
	GlobalSection(SolutionProperties) = preSolution
		HideSolutionNode = FALSE
	EndGlobalSection
	GlobalSection(ProjectConfigurationPlatforms) = postSolution
		{E7B1664F-B58B-4405-846A-2D65C7919BDF}.Debug|Any CPU.ActiveCfg = Debug|Any CPU
		{E7B1664F-B58B-4405-846A-2D65C7919BDF}.Debug|Any CPU.Build.0 = Debug|Any CPU
		{E7B1664F-B58B-4405-846A-2D65C7919BDF}.Release|Any CPU.ActiveCfg = Release|Any CPU
		{E7B1664F-B58B-4405-846A-2D65C7919BDF}.Release|Any CPU.Build.0 = Release|Any CPU
		{F72E5648-A4EF-4C27-887C-7E3A26C58B17}.Debug|Any CPU.ActiveCfg = Debug|Any CPU
		{F72E5648-A4EF-4C27-887C-7E3A26C58B17}.Debug|Any CPU.Build.0 = Debug|Any CPU
		{F72E5648-A4EF-4C27-887C-7E3A26C58B17}.Release|Any CPU.ActiveCfg = Release|Any CPU
		{F72E5648-A4EF-4C27-887C-7E3A26C58B17}.Release|Any CPU.Build.0 = Release|Any CPU
		{141423DA-27B4-47D5-B54E-8440DB41B4CF}.Debug|Any CPU.ActiveCfg = Debug|Any CPU
		{141423DA-27B4-47D5-B54E-8440DB41B4CF}.Debug|Any CPU.Build.0 = Debug|Any CPU
		{141423DA-27B4-47D5-B54E-8440DB41B4CF}.Release|Any CPU.ActiveCfg = Release|Any CPU
		{141423DA-27B4-47D5-B54E-8440DB41B4CF}.Release|Any CPU.Build.0 = Release|Any CPU
		{4047FB3B-5891-4B67-88E5-FDA67ECF6F4A}.Debug|Any CPU.ActiveCfg = Debug|Any CPU
		{4047FB3B-5891-4B67-88E5-FDA67ECF6F4A}.Debug|Any CPU.Build.0 = Debug|Any CPU
		{4047FB3B-5891-4B67-88E5-FDA67ECF6F4A}.Release|Any CPU.ActiveCfg = Release|Any CPU
		{4047FB3B-5891-4B67-88E5-FDA67ECF6F4A}.Release|Any CPU.Build.0 = Release|Any CPU
		{40DFC082-94B0-4D44-89E3-1CCA13D1B3E0}.Debug|Any CPU.ActiveCfg = Debug|Any CPU
		{40DFC082-94B0-4D44-89E3-1CCA13D1B3E0}.Debug|Any CPU.Build.0 = Debug|Any CPU
		{40DFC082-94B0-4D44-89E3-1CCA13D1B3E0}.Release|Any CPU.ActiveCfg = Release|Any CPU
		{40DFC082-94B0-4D44-89E3-1CCA13D1B3E0}.Release|Any CPU.Build.0 = Release|Any CPU
	EndGlobalSection
	GlobalSection(NestedProjects) = preSolution
		{E7B1664F-B58B-4405-846A-2D65C7919BDF} = {7059C2C5-750D-4BBD-B829-828C63AA7987}
		{F72E5648-A4EF-4C27-887C-7E3A26C58B17} = {7059C2C5-750D-4BBD-B829-828C63AA7987}
		{141423DA-27B4-47D5-B54E-8440DB41B4CF} = {7059C2C5-750D-4BBD-B829-828C63AA7987}
		{4047FB3B-5891-4B67-88E5-FDA67ECF6F4A} = {7059C2C5-750D-4BBD-B829-828C63AA7987}
		{40DFC082-94B0-4D44-89E3-1CCA13D1B3E0} = {7059C2C5-750D-4BBD-B829-828C63AA7987}
	EndGlobalSection
EndGlobal
